
Microsoft Visual Studio Solution File, Format Version 12.00
# Visual Studio Version 17
VisualStudioVersion = 17.3.32901.215
MinimumVisualStudioVersion = 10.0.40219.1
Project("{2150E333-8FDC-42A3-9474-1A3956D46DE8}") = "Lab1", "Lab1", "{A2A1B04C-FAB4-49D0-A7F6-A9B04C07A035}"
EndProject
Project("{9A19103F-16F7-4668-BE54-9A1E7A4F7556}") = "Lab1.Clients", "Lab1\Lab1.Clients\Lab1.Clients.csproj", "{6E6C9CC6-215B-4AE4-9295-2EFDC5D8A9E3}"
EndProject
Project("{9A19103F-16F7-4668-BE54-9A1E7A4F7556}") = "Lab1.Manager", "Lab1\Lab1.Manager\Lab1.Manager.csproj", "{FD59A71C-8878-40C4-88FC-36A01F2A5C03}"
EndProject
Project("{9A19103F-16F7-4668-BE54-9A1E7A4F7556}") = "Lab1.Common", "Lab1\Lab1.Common\Lab1.Common.csproj", "{B4FDBA0B-5EBA-462B-99EC-DDBC0DCF6169}"
EndProject
Project("{2150E333-8FDC-42A3-9474-1A3956D46DE8}") = "Lab2", "Lab2", "{6B3E7D88-AD44-4191-B00C-D806858F73FD}"
EndProject
Project("{9A19103F-16F7-4668-BE54-9A1E7A4F7556}") = "Lab2", "Lab2\Lab2.csproj", "{845C5F2A-0BDF-440B-9BE1-8210607F734E}"
EndProject
Global
	GlobalSection(SolutionConfigurationPlatforms) = preSolution
		Debug|Any CPU = Debug|Any CPU
		Release|Any CPU = Release|Any CPU
	EndGlobalSection
	GlobalSection(ProjectConfigurationPlatforms) = postSolution
		{6E6C9CC6-215B-4AE4-9295-2EFDC5D8A9E3}.Debug|Any CPU.ActiveCfg = Debug|Any CPU
		{6E6C9CC6-215B-4AE4-9295-2EFDC5D8A9E3}.Debug|Any CPU.Build.0 = Debug|Any CPU
		{6E6C9CC6-215B-4AE4-9295-2EFDC5D8A9E3}.Release|Any CPU.ActiveCfg = Release|Any CPU
		{6E6C9CC6-215B-4AE4-9295-2EFDC5D8A9E3}.Release|Any CPU.Build.0 = Release|Any CPU
		{FD59A71C-8878-40C4-88FC-36A01F2A5C03}.Debug|Any CPU.ActiveCfg = Debug|Any CPU
		{FD59A71C-8878-40C4-88FC-36A01F2A5C03}.Debug|Any CPU.Build.0 = Debug|Any CPU
		{FD59A71C-8878-40C4-88FC-36A01F2A5C03}.Release|Any CPU.ActiveCfg = Release|Any CPU
		{FD59A71C-8878-40C4-88FC-36A01F2A5C03}.Release|Any CPU.Build.0 = Release|Any CPU
		{B4FDBA0B-5EBA-462B-99EC-DDBC0DCF6169}.Debug|Any CPU.ActiveCfg = Debug|Any CPU
		{B4FDBA0B-5EBA-462B-99EC-DDBC0DCF6169}.Debug|Any CPU.Build.0 = Debug|Any CPU
		{B4FDBA0B-5EBA-462B-99EC-DDBC0DCF6169}.Release|Any CPU.ActiveCfg = Release|Any CPU
		{B4FDBA0B-5EBA-462B-99EC-DDBC0DCF6169}.Release|Any CPU.Build.0 = Release|Any CPU
		{845C5F2A-0BDF-440B-9BE1-8210607F734E}.Debug|Any CPU.ActiveCfg = Debug|Any CPU
		{845C5F2A-0BDF-440B-9BE1-8210607F734E}.Debug|Any CPU.Build.0 = Debug|Any CPU
		{845C5F2A-0BDF-440B-9BE1-8210607F734E}.Release|Any CPU.ActiveCfg = Release|Any CPU
		{845C5F2A-0BDF-440B-9BE1-8210607F734E}.Release|Any CPU.Build.0 = Release|Any CPU
	EndGlobalSection
	GlobalSection(SolutionProperties) = preSolution
		HideSolutionNode = FALSE
	EndGlobalSection
	GlobalSection(NestedProjects) = preSolution
		{6E6C9CC6-215B-4AE4-9295-2EFDC5D8A9E3} = {A2A1B04C-FAB4-49D0-A7F6-A9B04C07A035}
		{FD59A71C-8878-40C4-88FC-36A01F2A5C03} = {A2A1B04C-FAB4-49D0-A7F6-A9B04C07A035}
		{B4FDBA0B-5EBA-462B-99EC-DDBC0DCF6169} = {A2A1B04C-FAB4-49D0-A7F6-A9B04C07A035}
		{845C5F2A-0BDF-440B-9BE1-8210607F734E} = {6B3E7D88-AD44-4191-B00C-D806858F73FD}
	EndGlobalSection
	GlobalSection(ExtensibilityGlobals) = postSolution
		SolutionGuid = {3CE510CC-62A9-4DFF-9029-D84CA58D288E}
	EndGlobalSection
EndGlobal
